
Microsoft Visual Studio Solution File, Format Version 12.00
# Visual Studio 15
VisualStudioVersion = 15.0.26124.0
MinimumVisualStudioVersion = 15.0.26124.0
Project("{2150E333-8FDC-42A3-9474-1A3956D46DE8}") = "src", "src", "{EE6B0138-E3DE-47B6-BCB0-AF68E828D766}"
EndProject
Project("{9A19103F-16F7-4668-BE54-9A1E7A4F7556}") = "Alamut.MediatR.Caching", "src\Alamut.MediatR.Caching\Alamut.MediatR.Caching.csproj", "{2D0D79F6-EBC3-4FAB-AF62-3969849B3195}"
EndProject
Project("{2150E333-8FDC-42A3-9474-1A3956D46DE8}") = "test", "test", "{992ACA13-E2DD-4BEE-8C41-549A5961BA69}"
EndProject
Project("{9A19103F-16F7-4668-BE54-9A1E7A4F7556}") = "Alamut.MediatR.Caching.UnitTest", "test\Alamut.MediatR.Caching.UnitTest\Alamut.MediatR.Caching.UnitTest.csproj", "{E6F823B9-36D0-49B5-9DD4-C35F594F6C8E}"
EndProject
Project("{FAE04EC0-301F-11D3-BF4B-00C04F79EFBC}") = "Alamut.MediatR.Caching.DependencyInjection", "src\Alamut.MediatR.Caching.DependencyInjection\Alamut.MediatR.Caching.DependencyInjection.csproj", "{C08293F1-C806-4C6E-AD62-CE5C7EF3ADE1}"
EndProject
Project("{2150E333-8FDC-42A3-9474-1A3956D46DE8}") = "sample", "sample", "{5D145879-B8FA-4F2B-BCA0-DE42F539FE6D}"
EndProject
Project("{FAE04EC0-301F-11D3-BF4B-00C04F79EFBC}") = "Alamut.MediatR.Caching.SampleApi", "sample\Alamut.MediatR.Caching.SampleApi\Alamut.MediatR.Caching.SampleApi.csproj", "{E457F86E-60B4-450B-B174-C83C8A020FC8}"
EndProject
Global
	GlobalSection(SolutionConfigurationPlatforms) = preSolution
		Debug|Any CPU = Debug|Any CPU
		Debug|x64 = Debug|x64
		Debug|x86 = Debug|x86
		Release|Any CPU = Release|Any CPU
		Release|x64 = Release|x64
		Release|x86 = Release|x86
	EndGlobalSection
	GlobalSection(ProjectConfigurationPlatforms) = postSolution
		{2D0D79F6-EBC3-4FAB-AF62-3969849B3195}.Debug|Any CPU.ActiveCfg = Debug|Any CPU
		{2D0D79F6-EBC3-4FAB-AF62-3969849B3195}.Debug|Any CPU.Build.0 = Debug|Any CPU
		{2D0D79F6-EBC3-4FAB-AF62-3969849B3195}.Debug|x64.ActiveCfg = Debug|Any CPU
		{2D0D79F6-EBC3-4FAB-AF62-3969849B3195}.Debug|x64.Build.0 = Debug|Any CPU
		{2D0D79F6-EBC3-4FAB-AF62-3969849B3195}.Debug|x86.ActiveCfg = Debug|Any CPU
		{2D0D79F6-EBC3-4FAB-AF62-3969849B3195}.Debug|x86.Build.0 = Debug|Any CPU
		{2D0D79F6-EBC3-4FAB-AF62-3969849B3195}.Release|Any CPU.ActiveCfg = Release|Any CPU
		{2D0D79F6-EBC3-4FAB-AF62-3969849B3195}.Release|Any CPU.Build.0 = Release|Any CPU
		{2D0D79F6-EBC3-4FAB-AF62-3969849B3195}.Release|x64.ActiveCfg = Release|Any CPU
		{2D0D79F6-EBC3-4FAB-AF62-3969849B3195}.Release|x64.Build.0 = Release|Any CPU
		{2D0D79F6-EBC3-4FAB-AF62-3969849B3195}.Release|x86.ActiveCfg = Release|Any CPU
		{2D0D79F6-EBC3-4FAB-AF62-3969849B3195}.Release|x86.Build.0 = Release|Any CPU
		{E6F823B9-36D0-49B5-9DD4-C35F594F6C8E}.Debug|Any CPU.ActiveCfg = Debug|Any CPU
		{E6F823B9-36D0-49B5-9DD4-C35F594F6C8E}.Debug|Any CPU.Build.0 = Debug|Any CPU
		{E6F823B9-36D0-49B5-9DD4-C35F594F6C8E}.Debug|x64.ActiveCfg = Debug|Any CPU
		{E6F823B9-36D0-49B5-9DD4-C35F594F6C8E}.Debug|x64.Build.0 = Debug|Any CPU
		{E6F823B9-36D0-49B5-9DD4-C35F594F6C8E}.Debug|x86.ActiveCfg = Debug|Any CPU
		{E6F823B9-36D0-49B5-9DD4-C35F594F6C8E}.Debug|x86.Build.0 = Debug|Any CPU
		{E6F823B9-36D0-49B5-9DD4-C35F594F6C8E}.Release|Any CPU.ActiveCfg = Release|Any CPU
		{E6F823B9-36D0-49B5-9DD4-C35F594F6C8E}.Release|Any CPU.Build.0 = Release|Any CPU
		{E6F823B9-36D0-49B5-9DD4-C35F594F6C8E}.Release|x64.ActiveCfg = Release|Any CPU
		{E6F823B9-36D0-49B5-9DD4-C35F594F6C8E}.Release|x64.Build.0 = Release|Any CPU
		{E6F823B9-36D0-49B5-9DD4-C35F594F6C8E}.Release|x86.ActiveCfg = Release|Any CPU
		{E6F823B9-36D0-49B5-9DD4-C35F594F6C8E}.Release|x86.Build.0 = Release|Any CPU
		{C08293F1-C806-4C6E-AD62-CE5C7EF3ADE1}.Debug|Any CPU.ActiveCfg = Debug|Any CPU
		{C08293F1-C806-4C6E-AD62-CE5C7EF3ADE1}.Debug|Any CPU.Build.0 = Debug|Any CPU
		{C08293F1-C806-4C6E-AD62-CE5C7EF3ADE1}.Debug|x64.ActiveCfg = Debug|Any CPU
		{C08293F1-C806-4C6E-AD62-CE5C7EF3ADE1}.Debug|x64.Build.0 = Debug|Any CPU
		{C08293F1-C806-4C6E-AD62-CE5C7EF3ADE1}.Debug|x86.ActiveCfg = Debug|Any CPU
		{C08293F1-C806-4C6E-AD62-CE5C7EF3ADE1}.Debug|x86.Build.0 = Debug|Any CPU
		{C08293F1-C806-4C6E-AD62-CE5C7EF3ADE1}.Release|Any CPU.ActiveCfg = Release|Any CPU
		{C08293F1-C806-4C6E-AD62-CE5C7EF3ADE1}.Release|Any CPU.Build.0 = Release|Any CPU
		{C08293F1-C806-4C6E-AD62-CE5C7EF3ADE1}.Release|x64.ActiveCfg = Release|Any CPU
		{C08293F1-C806-4C6E-AD62-CE5C7EF3ADE1}.Release|x64.Build.0 = Release|Any CPU
		{C08293F1-C806-4C6E-AD62-CE5C7EF3ADE1}.Release|x86.ActiveCfg = Release|Any CPU
		{C08293F1-C806-4C6E-AD62-CE5C7EF3ADE1}.Release|x86.Build.0 = Release|Any CPU
		{E457F86E-60B4-450B-B174-C83C8A020FC8}.Debug|Any CPU.ActiveCfg = Debug|Any CPU
		{E457F86E-60B4-450B-B174-C83C8A020FC8}.Debug|Any CPU.Build.0 = Debug|Any CPU
		{E457F86E-60B4-450B-B174-C83C8A020FC8}.Debug|x64.ActiveCfg = Debug|Any CPU
		{E457F86E-60B4-450B-B174-C83C8A020FC8}.Debug|x64.Build.0 = Debug|Any CPU
		{E457F86E-60B4-450B-B174-C83C8A020FC8}.Debug|x86.ActiveCfg = Debug|Any CPU
		{E457F86E-60B4-450B-B174-C83C8A020FC8}.Debug|x86.Build.0 = Debug|Any CPU
		{E457F86E-60B4-450B-B174-C83C8A020FC8}.Release|Any CPU.ActiveCfg = Release|Any CPU
		{E457F86E-60B4-450B-B174-C83C8A020FC8}.Release|Any CPU.Build.0 = Release|Any CPU
		{E457F86E-60B4-450B-B174-C83C8A020FC8}.Release|x64.ActiveCfg = Release|Any CPU
		{E457F86E-60B4-450B-B174-C83C8A020FC8}.Release|x64.Build.0 = Release|Any CPU
		{E457F86E-60B4-450B-B174-C83C8A020FC8}.Release|x86.ActiveCfg = Release|Any CPU
		{E457F86E-60B4-450B-B174-C83C8A020FC8}.Release|x86.Build.0 = Release|Any CPU
	EndGlobalSection
	GlobalSection(SolutionProperties) = preSolution
		HideSolutionNode = FALSE
	EndGlobalSection
	GlobalSection(NestedProjects) = preSolution
		{2D0D79F6-EBC3-4FAB-AF62-3969849B3195} = {EE6B0138-E3DE-47B6-BCB0-AF68E828D766}
		{E6F823B9-36D0-49B5-9DD4-C35F594F6C8E} = {992ACA13-E2DD-4BEE-8C41-549A5961BA69}
		{C08293F1-C806-4C6E-AD62-CE5C7EF3ADE1} = {EE6B0138-E3DE-47B6-BCB0-AF68E828D766}
		{E457F86E-60B4-450B-B174-C83C8A020FC8} = {5D145879-B8FA-4F2B-BCA0-DE42F539FE6D}
	EndGlobalSection
	GlobalSection(ExtensibilityGlobals) = postSolution
		SolutionGuid = {F29C807F-C785-4325-980B-A71903FC084D}
	EndGlobalSection
EndGlobal
